{
  "version": 4,
  "terraform_version": "1.2.5",
  "serial": 3,
  "lineage": "070721ae-f4c4-8a00-1f31-25b605157218",
  "outputs": {
    "sec_gr_id": {
      "value": "sg-00e43e48fb34e3086",
      "type": "string"
    }
  },
  "resources": [
    {
      "mode": "data",
      "type": "aws_ami",
      "name": "amazon-linux-2",
      "provider": "provider[\"registry.terraform.io/hashicorp/aws\"]",
      "instances": [
        {
          "schema_version": 0,
          "attributes": {
            "architecture": "x86_64",
            "arn": "arn:aws:ec2:us-east-1::image/ami-0cff7528ff583bf9a",
            "block_device_mappings": [
              {
                "device_name": "/dev/xvda",
                "ebs": {
                  "delete_on_termination": "true",
                  "encrypted": "false",
                  "iops": "0",
                  "snapshot_id": "snap-08f1069dfde2007ba",
                  "throughput": "0",
                  "volume_size": "8",
                  "volume_type": "gp2"
                },
                "no_device": "",
                "virtual_name": ""
              }
            ],
            "boot_mode": "",
            "creation_date": "2022-06-14T19:54:20.000Z",
            "deprecation_time": "2024-06-14T19:54:20.000Z",
            "description": "Amazon Linux 2 Kernel 5.10 AMI 2.0.20220606.1 x86_64 HVM gp2",
            "ena_support": true,
            "executable_users": null,
            "filter": [
              {
                "name": "architecture",
                "values": [
                  "x86_64"
                ]
              },
              {
                "name": "name",
                "values": [
                  "amzn2-ami-kernel-5.10-hvm*"
                ]
              },
              {
                "name": "owner-alias",
                "values": [
                  "amazon"
                ]
              },
              {
                "name": "root-device-type",
                "values": [
                  "ebs"
                ]
              },
              {
                "name": "virtualization-type",
                "values": [
                  "hvm"
                ]
              }
            ],
            "hypervisor": "xen",
            "id": "ami-0cff7528ff583bf9a",
            "image_id": "ami-0cff7528ff583bf9a",
            "image_location": "amazon/amzn2-ami-kernel-5.10-hvm-2.0.20220606.1-x86_64-gp2",
            "image_owner_alias": "amazon",
            "image_type": "machine",
            "include_deprecated": false,
            "kernel_id": "",
            "most_recent": true,
            "name": "amzn2-ami-kernel-5.10-hvm-2.0.20220606.1-x86_64-gp2",
            "name_regex": null,
            "owner_id": "137112412989",
            "owners": [
              "amazon"
            ],
            "platform": "",
            "platform_details": "Linux/UNIX",
            "product_codes": [],
            "public": true,
            "ramdisk_id": "",
            "root_device_name": "/dev/xvda",
            "root_device_type": "ebs",
            "root_snapshot_id": "snap-08f1069dfde2007ba",
            "sriov_net_support": "simple",
            "state": "available",
            "state_reason": {
              "code": "UNSET",
              "message": "UNSET"
            },
            "tags": {},
            "tpm_support": "",
            "usage_operation": "RunInstances",
            "virtualization_type": "hvm"
          },
          "sensitive_attributes": []
        }
      ]
    },
    {
      "mode": "data",
      "type": "template_file",
      "name": "userdata",
      "provider": "provider[\"registry.terraform.io/hashicorp/template\"]",
      "instances": [
        {
          "schema_version": 0,
          "attributes": {
            "filename": null,
            "id": "e1531afe9d9a771356ad66dbd231eb10c006dde65dd3048959c9cfaf4ea3ed4e",
            "rendered": "#!/bin/bash\nhostnamectl set-hostname docker-instance\nyum update -y\namazon-linux-extras install docker -y\nsystemctl start docker\nsystemctl enable docker\nusermod -a -G docker ec2-user\n# install docker-compose\ncurl -L \"https://github.com/docker/compose/releases/download/1.27.4/docker-compose-$(uname -s)-$(uname -m)\" \\\n-o /usr/local/bin/docker-compose\nchmod +x /usr/local/bin/docker-compose",
            "template": "#!/bin/bash\nhostnamectl set-hostname ${server-name}\nyum update -y\namazon-linux-extras install docker -y\nsystemctl start docker\nsystemctl enable docker\nusermod -a -G docker ec2-user\n# install docker-compose\ncurl -L \"https://github.com/docker/compose/releases/download/1.27.4/docker-compose-$(uname -s)-$(uname -m)\" \\\n-o /usr/local/bin/docker-compose\nchmod +x /usr/local/bin/docker-compose",
            "vars": {
              "server-name": "docker-instance"
            }
          },
          "sensitive_attributes": []
        }
      ]
    },
    {
      "mode": "managed",
      "type": "aws_security_group",
      "name": "tf-sec-gr",
      "provider": "provider[\"registry.terraform.io/hashicorp/aws\"]",
      "instances": [
        {
          "schema_version": 1,
          "attributes": {
            "arn": "arn:aws:ec2:us-east-1:559264452920:security-group/sg-00e43e48fb34e3086",
            "description": "Managed by Terraform",
            "egress": [
              {
                "cidr_blocks": [
                  "0.0.0.0/0"
                ],
                "description": "",
                "from_port": 0,
                "ipv6_cidr_blocks": [],
                "prefix_list_ids": [],
                "protocol": "-1",
                "security_groups": [],
                "self": false,
                "to_port": 0
              }
            ],
            "id": "sg-00e43e48fb34e3086",
            "ingress": [
              {
                "cidr_blocks": [
                  "0.0.0.0/0"
                ],
                "description": "",
                "from_port": 22,
                "ipv6_cidr_blocks": [],
                "prefix_list_ids": [],
                "protocol": "tcp",
                "security_groups": [],
                "self": false,
                "to_port": 22
              },
              {
                "cidr_blocks": [
                  "0.0.0.0/0"
                ],
                "description": "",
                "from_port": 8080,
                "ipv6_cidr_blocks": [],
                "prefix_list_ids": [],
                "protocol": "tcp",
                "security_groups": [],
                "self": false,
                "to_port": 8080
              },
              {
                "cidr_blocks": [
                  "0.0.0.0/0"
                ],
                "description": "",
                "from_port": 80,
                "ipv6_cidr_blocks": [],
                "prefix_list_ids": [],
                "protocol": "tcp",
                "security_groups": [],
                "self": false,
                "to_port": 80
              }
            ],
            "name": "Docker-Instance-terraform-sec-grp",
            "name_prefix": "",
            "owner_id": "559264452920",
            "revoke_rules_on_delete": false,
            "tags": {
              "Name": "Docker-Instance"
            },
            "tags_all": {
              "Name": "Docker-Instance"
            },
            "timeouts": null,
            "vpc_id": "vpc-02423bffd7d0edbdd"
          },
          "sensitive_attributes": [],
          "private": "eyJlMmJmYjczMC1lY2FhLTExZTYtOGY4OC0zNDM2M2JjN2M0YzAiOnsiY3JlYXRlIjo2MDAwMDAwMDAwMDAsImRlbGV0ZSI6OTAwMDAwMDAwMDAwfSwic2NoZW1hX3ZlcnNpb24iOiIxIn0="
        }
      ]
    }
  ]
}
